
Microsoft Visual Studio Solution File, Format Version 12.00
# Visual Studio Version 16
VisualStudioVersion = 16.0.29920.165
MinimumVisualStudioVersion = 10.0.40219.1
Project("{FAE04EC0-301F-11D3-BF4B-00C04F79EFBC}") = "Blood_Bank_Management_System", "Blood_Bank_Management_System\Blood_Bank_Management_System.csproj", "{8938C7C1-7457-4D62-B45E-54154D3BC195}"
EndProject
Global
	GlobalSection(SolutionConfigurationPlatforms) = preSolution
		Debug|Any CPU = Debug|Any CPU
		Release|Any CPU = Release|Any CPU
	EndGlobalSection
	GlobalSection(ProjectConfigurationPlatforms) = postSolution
		{8938C7C1-7457-4D62-B45E-54154D3BC195}.Debug|Any CPU.ActiveCfg = Debug|Any CPU
		{8938C7C1-7457-4D62-B45E-54154D3BC195}.Debug|Any CPU.Build.0 = Debug|Any CPU
		{8938C7C1-7457-4D62-B45E-54154D3BC195}.Release|Any CPU.ActiveCfg = Release|Any CPU
		{8938C7C1-7457-4D62-B45E-54154D3BC195}.Release|Any CPU.Build.0 = Release|Any CPU
	EndGlobalSection
	GlobalSection(SolutionProperties) = preSolution
		HideSolutionNode = FALSE
	EndGlobalSection
	GlobalSection(ExtensibilityGlobals) = postSolution
		SolutionGuid = {C31FEFBD-C7F5-4F4C-8A56-9A95BB97D51F}
	EndGlobalSection
EndGlobal
